
Microsoft Visual Studio Solution File, Format Version 12.00
# Visual Studio 15
Project("{FAE04EC0-301F-11D3-BF4B-00C04F79EFBC}") = "Assembly-CSharp", "Assembly-CSharp.csproj", "{C00F8FD9-3564-DFCA-9601-85CB0974BEE4}"
EndProject
Project("{FAE04EC0-301F-11D3-BF4B-00C04F79EFBC}") = "Assembly-CSharp-Editor", "Assembly-CSharp-Editor.csproj", "{94D59C24-291D-C148-F3ED-49F840F507FD}"
EndProject
Global
	GlobalSection(SolutionConfigurationPlatforms) = preSolution
		Debug|Any CPU = Debug|Any CPU
		Release|Any CPU = Release|Any CPU
	EndGlobalSection
	GlobalSection(ProjectConfigurationPlatforms) = postSolution
		{C00F8FD9-3564-DFCA-9601-85CB0974BEE4}.Debug|Any CPU.ActiveCfg = Debug|Any CPU
		{C00F8FD9-3564-DFCA-9601-85CB0974BEE4}.Debug|Any CPU.Build.0 = Debug|Any CPU
		{C00F8FD9-3564-DFCA-9601-85CB0974BEE4}.Release|Any CPU.ActiveCfg = Release|Any CPU
		{C00F8FD9-3564-DFCA-9601-85CB0974BEE4}.Release|Any CPU.Build.0 = Release|Any CPU
		{94D59C24-291D-C148-F3ED-49F840F507FD}.Debug|Any CPU.ActiveCfg = Debug|Any CPU
		{94D59C24-291D-C148-F3ED-49F840F507FD}.Debug|Any CPU.Build.0 = Debug|Any CPU
		{94D59C24-291D-C148-F3ED-49F840F507FD}.Release|Any CPU.ActiveCfg = Release|Any CPU
		{94D59C24-291D-C148-F3ED-49F840F507FD}.Release|Any CPU.Build.0 = Release|Any CPU
	EndGlobalSection
	GlobalSection(SolutionProperties) = preSolution
		HideSolutionNode = FALSE
	EndGlobalSection
EndGlobal
